
Microsoft Visual Studio Solution File, Format Version 12.00
# Visual Studio Version 16
VisualStudioVersion = 16.0.31515.178
MinimumVisualStudioVersion = 10.0.40219.1
Project("{9A19103F-16F7-4668-BE54-9A1E7A4F7556}") = "OrderProcessor", "src\OrderProcessor\OrderProcessor.csproj", "{D7BF068F-E1F8-4276-9303-E253B5068307}"
EndProject
Project("{2150E333-8FDC-42A3-9474-1A3956D46DE8}") = "src", "src", "{D090FAF3-ADF9-4A95-9558-36A58BDCCE9E}"
EndProject
Project("{2150E333-8FDC-42A3-9474-1A3956D46DE8}") = "tests", "tests", "{B0335580-77D5-4422-8FD5-2172B8C5DF7E}"
EndProject
Project("{FAE04EC0-301F-11D3-BF4B-00C04F79EFBC}") = "OrderProcessor.UnitTests", "tests\OrderProcessor.UnitTests\OrderProcessor.UnitTests.csproj", "{A80774F1-A834-4B9B-BD08-FE712E8C106F}"
EndProject
Project("{FAE04EC0-301F-11D3-BF4B-00C04F79EFBC}") = "OrderProcessor.Consumer", "src\OrderProcessor.Consumer\OrderProcessor.Consumer.csproj", "{6FEADBF5-5A41-4EA2-82EE-D4FC4A86BFBB}"
EndProject
Global
	GlobalSection(SolutionConfigurationPlatforms) = preSolution
		Debug|Any CPU = Debug|Any CPU
		Release|Any CPU = Release|Any CPU
	EndGlobalSection
	GlobalSection(ProjectConfigurationPlatforms) = postSolution
		{D7BF068F-E1F8-4276-9303-E253B5068307}.Debug|Any CPU.ActiveCfg = Debug|Any CPU
		{D7BF068F-E1F8-4276-9303-E253B5068307}.Debug|Any CPU.Build.0 = Debug|Any CPU
		{D7BF068F-E1F8-4276-9303-E253B5068307}.Release|Any CPU.ActiveCfg = Release|Any CPU
		{D7BF068F-E1F8-4276-9303-E253B5068307}.Release|Any CPU.Build.0 = Release|Any CPU
		{A80774F1-A834-4B9B-BD08-FE712E8C106F}.Debug|Any CPU.ActiveCfg = Debug|Any CPU
		{A80774F1-A834-4B9B-BD08-FE712E8C106F}.Debug|Any CPU.Build.0 = Debug|Any CPU
		{A80774F1-A834-4B9B-BD08-FE712E8C106F}.Release|Any CPU.ActiveCfg = Release|Any CPU
		{A80774F1-A834-4B9B-BD08-FE712E8C106F}.Release|Any CPU.Build.0 = Release|Any CPU
		{6FEADBF5-5A41-4EA2-82EE-D4FC4A86BFBB}.Debug|Any CPU.ActiveCfg = Debug|Any CPU
		{6FEADBF5-5A41-4EA2-82EE-D4FC4A86BFBB}.Debug|Any CPU.Build.0 = Debug|Any CPU
		{6FEADBF5-5A41-4EA2-82EE-D4FC4A86BFBB}.Release|Any CPU.ActiveCfg = Release|Any CPU
		{6FEADBF5-5A41-4EA2-82EE-D4FC4A86BFBB}.Release|Any CPU.Build.0 = Release|Any CPU
	EndGlobalSection
	GlobalSection(SolutionProperties) = preSolution
		HideSolutionNode = FALSE
	EndGlobalSection
	GlobalSection(NestedProjects) = preSolution
		{D7BF068F-E1F8-4276-9303-E253B5068307} = {D090FAF3-ADF9-4A95-9558-36A58BDCCE9E}
		{6FEADBF5-5A41-4EA2-82EE-D4FC4A86BFBB} = {D090FAF3-ADF9-4A95-9558-36A58BDCCE9E}
	EndGlobalSection
	GlobalSection(ExtensibilityGlobals) = postSolution
		SolutionGuid = {830EDA11-FB55-47E3-83BB-273B5D132C8B}
	EndGlobalSection
EndGlobal
